
Microsoft Visual Studio Solution File, Format Version 10.00
# Visual Studio 2008
Project("{D183A3D8-5FD8-494B-B014-37F57B35E655}") = "ETLDatosAbiertos", "ETLDatosAbiertos\ETLDatosAbiertos.dtproj", "{E4839C06-B37C-4295-B530-D6C50C7E8E78}"
EndProject
Global
	GlobalSection(SolutionConfigurationPlatforms) = preSolution
		Development|Default = Development|Default
	EndGlobalSection
	GlobalSection(ProjectConfigurationPlatforms) = postSolution
		{E4839C06-B37C-4295-B530-D6C50C7E8E78}.Development|Default.ActiveCfg = Development
		{E4839C06-B37C-4295-B530-D6C50C7E8E78}.Development|Default.Build.0 = Development
	EndGlobalSection
	GlobalSection(SolutionProperties) = preSolution
		HideSolutionNode = FALSE
	EndGlobalSection
EndGlobal
